<?xml version="1.0" encoding="utf-8"?>
<Project ToolsVersion="4.0" xmlns="http://schemas.microsoft.com/developer/msbuild/2003">
  <ItemGroup>
    <Filter Include="Source Files">
      <UniqueIdentifier>{4FC737F1-C7A5-4376-A066-2A32D752A2FF}</UniqueIdentifier>
      <Extensions>cpp;c;cxx;def;odl;idl;hpj;bat;asm;asmx</Extensions>
    </Filter>
    <Filter Include="Source Files\extra">
      <UniqueIdentifier>{fce049b9-e53d-426e-ad19-0f65a04587f4}</UniqueIdentifier>
    </Filter>
    <Filter Include="Header Files">
      <UniqueIdentifier>{93995380-89BD-4b04-88EB-625FBE52EBFB}</UniqueIdentifier>
      <Extensions>h;hpp;hxx;hm;inl;inc;xsd</Extensions>
    </Filter>
    <Filter Include="Header Files\extra">
      <UniqueIdentifier>{44d7555f-78e3-4c9b-8fc4-e0dde68785ca}</UniqueIdentifier>
    </Filter>
    <Filter Include="Header Files\include">
      <UniqueIdentifier>{20d2e4d9-2ca8-4f35-97f0-c309ee0a8637}</UniqueIdentifier>
    </Filter>
    <Filter Include="Others">
      <UniqueIdentifier>{8c332b0b-b849-4d52-ade7-20baec7865fa}</UniqueIdentifier>
    </Filter>
    <Filter Include="Header Files\include\curl">
      <UniqueIdentifier>{e06361a0-32f0-4db6-ba74-88dda51508f9}</UniqueIdentifier>
    </Filter>
  </ItemGroup>
  <ItemGroup>
    <ClCompile Include="ml_system.cpp">
      <Filter>Source Files</Filter>
    </ClCompile>
    <ClCompile Include="extra\CLuaArgument.cpp">
      <Filter>Source Files\extra</Filter>
    </ClCompile>
    <ClCompile Include="extra\CLuaArguments.cpp">
      <Filter>Source Files\extra</Filter>
    </ClCompile>
    <ClCompile Include="Mtacurl.cpp">
      <Filter>Source Files</Filter>
    </ClCompile>
    <ClCompile Include="Mtacurls.cpp">
      <Filter>Source Files</Filter>
    </ClCompile>
    <ClCompile Include="CFunctions.cpp">
      <Filter>Source Files</Filter>
    </ClCompile>
  </ItemGroup>
  <ItemGroup>
    <ClInclude Include="Common.h">
      <Filter>Header Files</Filter>
    </ClInclude>
    <ClInclude Include="ml_system.h">
      <Filter>Header Files</Filter>
    </ClInclude>
    <ClInclude Include="extra\CLuaArgument.h">
      <Filter>Header Files\extra</Filter>
    </ClInclude>
    <ClInclude Include="extra\CLuaArguments.h">
      <Filter>Header Files\extra</Filter>
    </ClInclude>
    <ClInclude Include="include\ILuaModuleManager.h">
      <Filter>Header Files\include</Filter>
    </ClInclude>
    <ClInclude Include="include\lauxlib.h">
      <Filter>Header Files\include</Filter>
    </ClInclude>
    <ClInclude Include="include\lua.h">
      <Filter>Header Files\include</Filter>
    </ClInclude>
    <ClInclude Include="include\luaconf.h">
      <Filter>Header Files\include</Filter>
    </ClInclude>
    <ClInclude Include="include\lualib.h">
      <Filter>Header Files\include</Filter>
    </ClInclude>
    <ClInclude Include="include\curl\curl.h">
      <Filter>Header Files\include\curl</Filter>
    </ClInclude>
    <ClInclude Include="include\curl\curlbuild.h">
      <Filter>Header Files\include\curl</Filter>
    </ClInclude>
    <ClInclude Include="include\curl\curlrules.h">
      <Filter>Header Files\include\curl</Filter>
    </ClInclude>
    <ClInclude Include="include\curl\curlver.h">
      <Filter>Header Files\include\curl</Filter>
    </ClInclude>
    <ClInclude Include="include\curl\easy.h">
      <Filter>Header Files\include\curl</Filter>
    </ClInclude>
    <ClInclude Include="include\curl\mprintf.h">
      <Filter>Header Files\include\curl</Filter>
    </ClInclude>
    <ClInclude Include="include\curl\multi.h">
      <Filter>Header Files\include\curl</Filter>
    </ClInclude>
    <ClInclude Include="include\curl\stdcheaders.h">
      <Filter>Header Files\include\curl</Filter>
    </ClInclude>
    <ClInclude Include="include\curl\typecheck-gcc.h">
      <Filter>Header Files\include\curl</Filter>
    </ClInclude>
    <ClInclude Include="include\curl\types.h">
      <Filter>Header Files\include\curl</Filter>
    </ClInclude>
    <ClInclude Include="Mtacurl.h">
      <Filter>Header Files</Filter>
    </ClInclude>
    <ClInclude Include="Mtacurls.h">
      <Filter>Header Files</Filter>
    </ClInclude>
    <ClInclude Include="CFunctions.h">
      <Filter>Header Files</Filter>
    </ClInclude>
  </ItemGroup>
  <ItemGroup>
    <None Include="Makefile">
      <Filter>Others</Filter>
    </None>
    <None Include="include\curl\curlbuild.h.cmake">
      <Filter>Header Files\include\curl</Filter>
    </None>
    <None Include="include\curl\curlbuild.h.in">
      <Filter>Header Files\include\curl</Filter>
    </None>
    <None Include="include\curl\Makefile.am">
      <Filter>Header Files\include\curl</Filter>
    </None>
    <None Include="include\curl\Makefile.in">
      <Filter>Header Files\include\curl</Filter>
    </None>
    <None Include="ml_system.vcproj" />
    <None Include="UpgradeLog.XML" />
  </ItemGroup>
</Project>