<?xml version="1.0" encoding="utf-8"?>
<Project ToolsVersion="4.0" xmlns="http://schemas.microsoft.com/developer/msbuild/2003">
  <ItemGroup>
    <Filter Include="Source Files">
      <UniqueIdentifier>{4FC737F1-C7A5-4376-A066-2A32D752A2FF}</UniqueIdentifier>
      <Extensions>cpp;c;cxx;def;odl;idl;hpj;bat;asm;asmx</Extensions>
    </Filter>
    <Filter Include="Source Files\extra">
      <UniqueIdentifier>{9d847221-6179-4901-8974-c2ec2154f899}</UniqueIdentifier>
    </Filter>
    <Filter Include="Header Files">
      <UniqueIdentifier>{93995380-89BD-4b04-88EB-625FBE52EBFB}</UniqueIdentifier>
      <Extensions>h;hpp;hxx;hm;inl;inc;xsd</Extensions>
    </Filter>
    <Filter Include="Header Files\extra">
      <UniqueIdentifier>{ef9a3826-0017-4c24-aa80-a0e9b6428600}</UniqueIdentifier>
    </Filter>
    <Filter Include="Header Files\include">
      <UniqueIdentifier>{2a7af206-5264-4c39-ab28-d00df75e0438}</UniqueIdentifier>
    </Filter>
    <Filter Include="Other Files">
      <UniqueIdentifier>{c1a0d907-1e9c-4cc7-84a5-afec21b53ea9}</UniqueIdentifier>
    </Filter>
    <Filter Include="Other Files\luaimports">
      <UniqueIdentifier>{2897fab6-208b-40a6-bb03-66243e173698}</UniqueIdentifier>
    </Filter>
    <Filter Include="Other Files\src">
      <UniqueIdentifier>{46026c72-a2db-49e4-8108-4af48d921682}</UniqueIdentifier>
    </Filter>
  </ItemGroup>
  <ItemGroup>
    <ClCompile Include="src\CFunctions.cpp">
      <Filter>Source Files</Filter>
    </ClCompile>
    <ClCompile Include="src\CSocket.cpp">
      <Filter>Source Files</Filter>
    </ClCompile>
    <ClCompile Include="src\CSocketManager.cpp">
      <Filter>Source Files</Filter>
    </ClCompile>
    <ClCompile Include="src\ml_sockets.cpp">
      <Filter>Source Files</Filter>
    </ClCompile>
    <ClCompile Include="src\CLuaArgument.cpp">
      <Filter>Source Files\extra</Filter>
    </ClCompile>
    <ClCompile Include="src\CLuaArguments.cpp">
      <Filter>Source Files\extra</Filter>
    </ClCompile>
    <ClCompile Include="luaimports\luaimports.cpp">
      <Filter>Other Files\luaimports</Filter>
    </ClCompile>
  </ItemGroup>
  <ItemGroup>
    <ClInclude Include="include\CFunctions.h">
      <Filter>Header Files</Filter>
    </ClInclude>
    <ClInclude Include="include\Common.h">
      <Filter>Header Files</Filter>
    </ClInclude>
    <ClInclude Include="include\CSocket.h">
      <Filter>Header Files</Filter>
    </ClInclude>
    <ClInclude Include="include\CSocketManager.h">
      <Filter>Header Files</Filter>
    </ClInclude>
    <ClInclude Include="include\ml_sockets.h">
      <Filter>Header Files</Filter>
    </ClInclude>
    <ClInclude Include="include\SocketErrors.h">
      <Filter>Header Files</Filter>
    </ClInclude>
    <ClInclude Include="include\CLuaArgument.h">
      <Filter>Header Files\extra</Filter>
    </ClInclude>
    <ClInclude Include="include\CLuaArguments.h">
      <Filter>Header Files\extra</Filter>
    </ClInclude>
    <ClInclude Include="include\ILuaModuleManager.h">
      <Filter>Header Files\include</Filter>
    </ClInclude>
    <ClInclude Include="include\lauxlib.h">
      <Filter>Header Files\include</Filter>
    </ClInclude>
    <ClInclude Include="include\lua.h">
      <Filter>Header Files\include</Filter>
    </ClInclude>
    <ClInclude Include="include\luaconf.h">
      <Filter>Header Files\include</Filter>
    </ClInclude>
    <ClInclude Include="include\lualib.h">
      <Filter>Header Files\include</Filter>
    </ClInclude>
  </ItemGroup>
  <ItemGroup>
    <None Include="build.sh">
      <Filter>Other Files</Filter>
    </None>
    <None Include="configure.ac">
      <Filter>Other Files</Filter>
    </None>
    <None Include="Makefile.am">
      <Filter>Other Files</Filter>
    </None>
    <None Include="luaimports\Makefile.am">
      <Filter>Other Files\luaimports</Filter>
    </None>
    <None Include="src\Makefile.am">
      <Filter>Other Files\src</Filter>
    </None>
  </ItemGroup>
  <ItemGroup>
    <CustomBuild Include="luaimports\luaimports.h">
      <Filter>Other Files\luaimports</Filter>
    </CustomBuild>
  </ItemGroup>
</Project>